// !$*UTF8*$!
{
	archiveVersion = 1;
	classes = {
	};
	objectVersion = 46;
	objects = {

/* Begin PBXBuildFile section */
		892E8C231DDBEADE00328E91 /* MovieAPIViewController.swift in Sources */ = {isa = PBXBuildFile; fileRef = 892E8C221DDBEADE00328E91 /* MovieAPIViewController.swift */; };
		892E8C251DDBEEF800328E91 /* Alamofire.framework in Frameworks */ = {isa = PBXBuildFile; fileRef = 892E8C241DDBEEF800328E91 /* Alamofire.framework */; };
		892E8C271DDBEF4C00328E91 /* Alamofire.framework in Embed Frameworks */ = {isa = PBXBuildFile; fileRef = 892E8C241DDBEEF800328E91 /* Alamofire.framework */; settings = {ATTRIBUTES = (CodeSignOnCopy, RemoveHeadersOnCopy, ); }; };
		898D931B1DE27B2300A3F066 /* MovieDetailViewController.swift in Sources */ = {isa = PBXBuildFile; fileRef = 898D931A1DE27B2300A3F066 /* MovieDetailViewController.swift */; };
		89951DBE1DDA891D0010DFA7 /* ThemingViewController.swift in Sources */ = {isa = PBXBuildFile; fileRef = 89951DBD1DDA891D0010DFA7 /* ThemingViewController.swift */; };
		899EFF811DD9F4AE0073163A /* AppDelegate.swift in Sources */ = {isa = PBXBuildFile; fileRef = 899EFF801DD9F4AE0073163A /* AppDelegate.swift */; };
		899EFF831DD9F4AE0073163A /* RNGViewController.swift in Sources */ = {isa = PBXBuildFile; fileRef = 899EFF821DD9F4AE0073163A /* RNGViewController.swift */; };
		899EFF861DD9F4AE0073163A /* Main.storyboard in Resources */ = {isa = PBXBuildFile; fileRef = 899EFF841DD9F4AE0073163A /* Main.storyboard */; };
		899EFF881DD9F4AE0073163A /* Assets.xcassets in Resources */ = {isa = PBXBuildFile; fileRef = 899EFF871DD9F4AE0073163A /* Assets.xcassets */; };
		899EFF8B1DD9F4AE0073163A /* LaunchScreen.storyboard in Resources */ = {isa = PBXBuildFile; fileRef = 899EFF891DD9F4AE0073163A /* LaunchScreen.storyboard */; };
/* End PBXBuildFile section */

/* Begin PBXCopyFilesBuildPhase section */
		892E8C261DDBEF2E00328E91 /* Embed Frameworks */ = {
			isa = PBXCopyFilesBuildPhase;
			buildActionMask = 2147483647;
			dstPath = "";
			dstSubfolderSpec = 10;
			files = (
				892E8C271DDBEF4C00328E91 /* Alamofire.framework in Embed Frameworks */,
			);
			name = "Embed Frameworks";
			runOnlyForDeploymentPostprocessing = 0;
		};
/* End PBXCopyFilesBuildPhase section */

/* Begin PBXFileReference section */
		892E8C221DDBEADE00328E91 /* MovieAPIViewController.swift */ = {isa = PBXFileReference; fileEncoding = 4; lastKnownFileType = sourcecode.swift; path = MovieAPIViewController.swift; sourceTree = "<group>"; };
		892E8C241DDBEEF800328E91 /* Alamofire.framework */ = {isa = PBXFileReference; lastKnownFileType = wrapper.framework; name = Alamofire.framework; path = ../Carthage/Build/iOS/Alamofire.framework; sourceTree = "<group>"; };
		898D931A1DE27B2300A3F066 /* MovieDetailViewController.swift */ = {isa = PBXFileReference; fileEncoding = 4; lastKnownFileType = sourcecode.swift; path = MovieDetailViewController.swift; sourceTree = "<group>"; };
		89951DBD1DDA891D0010DFA7 /* ThemingViewController.swift */ = {isa = PBXFileReference; fileEncoding = 4; lastKnownFileType = sourcecode.swift; path = ThemingViewController.swift; sourceTree = "<group>"; };
		899EFF7D1DD9F4AE0073163A /* SampleApp.app */ = {isa = PBXFileReference; explicitFileType = wrapper.application; includeInIndex = 0; path = SampleApp.app; sourceTree = BUILT_PRODUCTS_DIR; };
		899EFF801DD9F4AE0073163A /* AppDelegate.swift */ = {isa = PBXFileReference; lastKnownFileType = sourcecode.swift; path = AppDelegate.swift; sourceTree = "<group>"; };
		899EFF821DD9F4AE0073163A /* RNGViewController.swift */ = {isa = PBXFileReference; lastKnownFileType = sourcecode.swift; path = RNGViewController.swift; sourceTree = "<group>"; };
		899EFF851DD9F4AE0073163A /* Base */ = {isa = PBXFileReference; lastKnownFileType = file.storyboard; name = Base; path = Base.lproj/Main.storyboard; sourceTree = "<group>"; };
		899EFF871DD9F4AE0073163A /* Assets.xcassets */ = {isa = PBXFileReference; lastKnownFileType = folder.assetcatalog; path = Assets.xcassets; sourceTree = "<group>"; };
		899EFF8A1DD9F4AE0073163A /* Base */ = {isa = PBXFileReference; lastKnownFileType = file.storyboard; name = Base; path = Base.lproj/LaunchScreen.storyboard; sourceTree = "<group>"; };
		899EFF8C1DD9F4AE0073163A /* Info.plist */ = {isa = PBXFileReference; lastKnownFileType = text.plist.xml; path = Info.plist; sourceTree = "<group>"; };
/* End PBXFileReference section */

/* Begin PBXFrameworksBuildPhase section */
		899EFF7A1DD9F4AE0073163A /* Frameworks */ = {
			isa = PBXFrameworksBuildPhase;
			buildActionMask = 2147483647;
			files = (
				892E8C251DDBEEF800328E91 /* Alamofire.framework in Frameworks */,
			);
			runOnlyForDeploymentPostprocessing = 0;
		};
/* End PBXFrameworksBuildPhase section */

/* Begin PBXGroup section */
		89951DB41DDA661F0010DFA7 /* Frameworks */ = {
			isa = PBXGroup;
			children = (
				892E8C241DDBEEF800328E91 /* Alamofire.framework */,
			);
			name = Frameworks;
			sourceTree = "<group>";
		};
		899EFF741DD9F4AE0073163A = {
			isa = PBXGroup;
			children = (
				89951DB41DDA661F0010DFA7 /* Frameworks */,
				899EFF7F1DD9F4AE0073163A /* SampleApp */,
				899EFF7E1DD9F4AE0073163A /* Products */,
			);
			sourceTree = "<group>";
		};
		899EFF7E1DD9F4AE0073163A /* Products */ = {
			isa = PBXGroup;
			children = (
				899EFF7D1DD9F4AE0073163A /* SampleApp.app */,
			);
			name = Products;
			sourceTree = "<group>";
		};
		899EFF7F1DD9F4AE0073163A /* SampleApp */ = {
			isa = PBXGroup;
			children = (
				899EFF801DD9F4AE0073163A /* AppDelegate.swift */,
				899EFF821DD9F4AE0073163A /* RNGViewController.swift */,
				89951DBD1DDA891D0010DFA7 /* ThemingViewController.swift */,
				892E8C221DDBEADE00328E91 /* MovieAPIViewController.swift */,
				898D931A1DE27B2300A3F066 /* MovieDetailViewController.swift */,
				899EFF841DD9F4AE0073163A /* Main.storyboard */,
				899EFF871DD9F4AE0073163A /* Assets.xcassets */,
				899EFF891DD9F4AE0073163A /* LaunchScreen.storyboard */,
				899EFF8C1DD9F4AE0073163A /* Info.plist */,
			);
			path = SampleApp;
			sourceTree = "<group>";
		};
/* End PBXGroup section */

/* Begin PBXNativeTarget section */
		899EFF7C1DD9F4AE0073163A /* SampleApp */ = {
			isa = PBXNativeTarget;
			buildConfigurationList = 899EFF8F1DD9F4AE0073163A /* Build configuration list for PBXNativeTarget "SampleApp" */;
			buildPhases = (
				899EFF791DD9F4AE0073163A /* Sources */,
				899EFF7A1DD9F4AE0073163A /* Frameworks */,
				899EFF7B1DD9F4AE0073163A /* Resources */,
				892E8C261DDBEF2E00328E91 /* Embed Frameworks */,
			);
			buildRules = (
			);
			dependencies = (
			);
			name = SampleApp;
			productName = SampleApp;
			productReference = 899EFF7D1DD9F4AE0073163A /* SampleApp.app */;
			productType = "com.apple.product-type.application";
		};
/* End PBXNativeTarget section */

/* Begin PBXProject section */
		899EFF751DD9F4AE0073163A /* Project object */ = {
			isa = PBXProject;
			attributes = {
				LastSwiftUpdateCheck = 0800;
				LastUpgradeCheck = 0800;
				ORGANIZATIONNAME = "Eric Downey";
				TargetAttributes = {
					899EFF7C1DD9F4AE0073163A = {
						CreatedOnToolsVersion = 8.0;
						DevelopmentTeam = Z46KU7GJC9;
						ProvisioningStyle = Automatic;
					};
				};
			};
			buildConfigurationList = 899EFF781DD9F4AE0073163A /* Build configuration list for PBXProject "SampleApp" */;
			compatibilityVersion = "Xcode 3.2";
			developmentRegion = English;
			hasScannedForEncodings = 0;
			knownRegions = (
				en,
				Base,
			);
			mainGroup = 899EFF741DD9F4AE0073163A;
			productRefGroup = 899EFF7E1DD9F4AE0073163A /* Products */;
			projectDirPath = "";
			projectRoot = "";
			targets = (
				899EFF7C1DD9F4AE0073163A /* SampleApp */,
			);
		};
/* End PBXProject section */

/* Begin PBXResourcesBuildPhase section */
		899EFF7B1DD9F4AE0073163A /* Resources */ = {
			isa = PBXResourcesBuildPhase;
			buildActionMask = 2147483647;
			files = (
				899EFF8B1DD9F4AE0073163A /* LaunchScreen.storyboard in Resources */,
				899EFF881DD9F4AE0073163A /* Assets.xcassets in Resources */,
				899EFF861DD9F4AE0073163A /* Main.storyboard in Resources */,
			);
			runOnlyForDeploymentPostprocessing = 0;
		};
/* End PBXResourcesBuildPhase section */

/* Begin PBXSourcesBuildPhase section */
		899EFF791DD9F4AE0073163A /* Sources */ = {
			isa = PBXSourcesBuildPhase;
			buildActionMask = 2147483647;
			files = (
				892E8C231DDBEADE00328E91 /* MovieAPIViewController.swift in Sources */,
				898D931B1DE27B2300A3F066 /* MovieDetailViewController.swift in Sources */,
				899EFF831DD9F4AE0073163A /* RNGViewController.swift in Sources */,
				89951DBE1DDA891D0010DFA7 /* ThemingViewController.swift in Sources */,
				899EFF811DD9F4AE0073163A /* AppDelegate.swift in Sources */,
			);
			runOnlyForDeploymentPostprocessing = 0;
		};
/* End PBXSourcesBuildPhase section */

/* Begin PBXVariantGroup section */
		899EFF841DD9F4AE0073163A /* Main.storyboard */ = {
			isa = PBXVariantGroup;
			children = (
				899EFF851DD9F4AE0073163A /* Base */,
			);
			name = Main.storyboard;
			sourceTree = "<group>";
		};
		899EFF891DD9F4AE0073163A /* LaunchScreen.storyboard */ = {
			isa = PBXVariantGroup;
			children = (
				899EFF8A1DD9F4AE0073163A /* Base */,
			);
			name = LaunchScreen.storyboard;
			sourceTree = "<group>";
		};
/* End PBXVariantGroup section */

/* Begin XCBuildConfiguration section */
		899EFF8D1DD9F4AE0073163A /* Debug */ = {
			isa = XCBuildConfiguration;
			buildSettings = {
				ALWAYS_SEARCH_USER_PATHS = NO;
				CLANG_ANALYZER_NONNULL = YES;
				CLANG_CXX_LANGUAGE_STANDARD = "gnu++0x";
				CLANG_CXX_LIBRARY = "libc++";
				CLANG_ENABLE_MODULES = YES;
				CLANG_ENABLE_OBJC_ARC = YES;
				CLANG_WARN_BOOL_CONVERSION = YES;
				CLANG_WARN_CONSTANT_CONVERSION = YES;
				CLANG_WARN_DIRECT_OBJC_ISA_USAGE = YES_ERROR;
				CLANG_WARN_DOCUMENTATION_COMMENTS = YES;
				CLANG_WARN_EMPTY_BODY = YES;
				CLANG_WARN_ENUM_CONVERSION = YES;
				CLANG_WARN_INFINITE_RECURSION = YES;
				CLANG_WARN_INT_CONVERSION = YES;
				CLANG_WARN_OBJC_ROOT_CLASS = YES_ERROR;
				CLANG_WARN_SUSPICIOUS_MOVES = YES;
				CLANG_WARN_UNREACHABLE_CODE = YES;
				CLANG_WARN__DUPLICATE_METHOD_MATCH = YES;
				"CODE_SIGN_IDENTITY[sdk=iphoneos*]" = "iPhone Developer";
				COPY_PHASE_STRIP = NO;
				DEBUG_INFORMATION_FORMAT = dwarf;
				ENABLE_STRICT_OBJC_MSGSEND = YES;
				ENABLE_TESTABILITY = YES;
				GCC_C_LANGUAGE_STANDARD = gnu99;
				GCC_DYNAMIC_NO_PIC = NO;
				GCC_NO_COMMON_BLOCKS = YES;
				GCC_OPTIMIZATION_LEVEL = 0;
				GCC_PREPROCESSOR_DEFINITIONS = (
					"DEBUG=1",
					"$(inherited)",
				);
				GCC_WARN_64_TO_32_BIT_CONVERSION = YES;
				GCC_WARN_ABOUT_RETURN_TYPE = YES_ERROR;
				GCC_WARN_UNDECLARED_SELECTOR = YES;
				GCC_WARN_UNINITIALIZED_AUTOS = YES_AGGRESSIVE;
				GCC_WARN_UNUSED_FUNCTION = YES;
				GCC_WARN_UNUSED_VARIABLE = YES;
				IPHONEOS_DEPLOYMENT_TARGET = 10.0;
				MTL_ENABLE_DEBUG_INFO = YES;
				ONLY_ACTIVE_ARCH = YES;
				SDKROOT = iphoneos;
				SWIFT_ACTIVE_COMPILATION_CONDITIONS = DEBUG;
				SWIFT_OPTIMIZATION_LEVEL = "-Onone";
			};
			name = Debug;
		};
		899EFF8E1DD9F4AE0073163A /* Release */ = {
			isa = XCBuildConfiguration;
			buildSettings = {
				ALWAYS_SEARCH_USER_PATHS = NO;
				CLANG_ANALYZER_NONNULL = YES;
				CLANG_CXX_LANGUAGE_STANDARD = "gnu++0x";
				CLANG_CXX_LIBRARY = "libc++";
				CLANG_ENABLE_MODULES = YES;
				CLANG_ENABLE_OBJC_ARC = YES;
				CLANG_WARN_BOOL_CONVERSION = YES;
				CLANG_WARN_CONSTANT_CONVERSION = YES;
				CLANG_WARN_DIRECT_OBJC_ISA_USAGE = YES_ERROR;
				CLANG_WARN_DOCUMENTATION_COMMENTS = YES;
				CLANG_WARN_EMPTY_BODY = YES;
				CLANG_WARN_ENUM_CONVERSION = YES;
				CLANG_WARN_INFINITE_RECURSION = YES;
				CLANG_WARN_INT_CONVERSION = YES;
				CLANG_WARN_OBJC_ROOT_CLASS = YES_ERROR;
				CLANG_WARN_SUSPICIOUS_MOVES = YES;
				CLANG_WARN_UNREACHABLE_CODE = YES;
				CLANG_WARN__DUPLICATE_METHOD_MATCH = YES;
				"CODE_SIGN_IDENTITY[sdk=iphoneos*]" = "iPhone Developer";
				COPY_PHASE_STRIP = NO;
				DEBUG_INFORMATION_FORMAT = "dwarf-with-dsym";
				ENABLE_NS_ASSERTIONS = NO;
				ENABLE_STRICT_OBJC_MSGSEND = YES;
				GCC_C_LANGUAGE_STANDARD = gnu99;
				GCC_NO_COMMON_BLOCKS = YES;
				GCC_WARN_64_TO_32_BIT_CONVERSION = YES;
				GCC_WARN_ABOUT_RETURN_TYPE = YES_ERROR;
				GCC_WARN_UNDECLARED_SELECTOR = YES;
				GCC_WARN_UNINITIALIZED_AUTOS = YES_AGGRESSIVE;
				GCC_WARN_UNUSED_FUNCTION = YES;
				GCC_WARN_UNUSED_VARIABLE = YES;
				IPHONEOS_DEPLOYMENT_TARGET = 10.0;
				MTL_ENABLE_DEBUG_INFO = NO;
				SDKROOT = iphoneos;
				SWIFT_OPTIMIZATION_LEVEL = "-Owholemodule";
				VALIDATE_PRODUCT = YES;
			};
			name = Release;
		};
		899EFF901DD9F4AE0073163A /* Debug */ = {
			isa = XCBuildConfiguration;
			buildSettings = {
				ASSETCATALOG_COMPILER_APPICON_NAME = AppIcon;
				DEVELOPMENT_TEAM = Z46KU7GJC9;
				FRAMEWORK_SEARCH_PATHS = ../Carthage/Build/iOS;
				INFOPLIST_FILE = SampleApp/Info.plist;
				LD_RUNPATH_SEARCH_PATHS = "$(inherited) @executable_path/Frameworks";
				PRODUCT_BUNDLE_IDENTIFIER = com.Downey.apps.SampleApp;
				PRODUCT_NAME = "$(TARGET_NAME)";
				SWIFT_VERSION = 3.0;
			};
			name = Debug;
		};
		899EFF911DD9F4AE0073163A /* Release */ = {
			isa = XCBuildConfiguration;
			buildSettings = {
				ASSETCATALOG_COMPILER_APPICON_NAME = AppIcon;
				DEVELOPMENT_TEAM = Z46KU7GJC9;
				FRAMEWORK_SEARCH_PATHS = ../Carthage/Build/iOS;
				INFOPLIST_FILE = SampleApp/Info.plist;
				LD_RUNPATH_SEARCH_PATHS = "$(inherited) @executable_path/Frameworks";
				PRODUCT_BUNDLE_IDENTIFIER = com.Downey.apps.SampleApp;
				PRODUCT_NAME = "$(TARGET_NAME)";
				SWIFT_VERSION = 3.0;
			};
			name = Release;
		};
/* End XCBuildConfiguration section */

/* Begin XCConfigurationList section */
		899EFF781DD9F4AE0073163A /* Build configuration list for PBXProject "SampleApp" */ = {
			isa = XCConfigurationList;
			buildConfigurations = (
				899EFF8D1DD9F4AE0073163A /* Debug */,
				899EFF8E1DD9F4AE0073163A /* Release */,
			);
			defaultConfigurationIsVisible = 0;
			defaultConfigurationName = Release;
		};
		899EFF8F1DD9F4AE0073163A /* Build configuration list for PBXNativeTarget "SampleApp" */ = {
			isa = XCConfigurationList;
			buildConfigurations = (
				899EFF901DD9F4AE0073163A /* Debug */,
				899EFF911DD9F4AE0073163A /* Release */,
			);
			defaultConfigurationIsVisible = 0;
			defaultConfigurationName = Release;
		};
/* End XCConfigurationList section */
	};
	rootObject = 899EFF751DD9F4AE0073163A /* Project object */;
}
